
Microsoft Visual Studio Solution File, Format Version 12.00
Project("{FAE04EC0-301F-11D3-BF4B-00C04F79EFBC}") = "GameOfBoards.Web", "GameOfBoards.Web\GameOfBoards.Web.csproj", "{955972B5-D72A-48DA-992E-126F834121D1}"
EndProject
Project("{FAE04EC0-301F-11D3-BF4B-00C04F79EFBC}") = "GameOfBoards.Infrastructure", "GameOfBoards.Infrastructure\GameOfBoards.Infrastructure.csproj", "{BC1D4A4B-14AD-4C13-B522-F60441588493}"
EndProject
Project("{FAE04EC0-301F-11D3-BF4B-00C04F79EFBC}") = "GameOfBoards.Domain", "GameOfBoards.Domain\GameOfBoards.Domain.csproj", "{388DD0E5-3BDD-4377-8361-169ABE1E52AF}"
EndProject
Project("{FAE04EC0-301F-11D3-BF4B-00C04F79EFBC}") = "GameOfBoards.Infrastructure.Tests", "GameOfBoards.Infrastructure.Tests\GameOfBoards.Infrastructure.Tests.csproj", "{0023B13A-09A1-443C-B600-C64F9632C02D}"
EndProject
Project("{2150E333-8FDC-42A3-9474-1A3956D46DE8}") = "Docker", "Docker", "{43589E70-FAFC-4C41-96B1-B14F2B1FDAEB}"
ProjectSection(SolutionItems) = preProject
	Dockerfile = Dockerfile
EndProjectSection
EndProject
Project("{FAE04EC0-301F-11D3-BF4B-00C04F79EFBC}") = "GameOfBoards.Domain.Tests", "GameOfBoards.Domain.Tests\GameOfBoards.Domain.Tests.csproj", "{9E3A7DA1-F8C2-4D64-9B2E-0B0C75AA63E4}"
EndProject
Global
	GlobalSection(SolutionConfigurationPlatforms) = preSolution
		Debug|Any CPU = Debug|Any CPU
		Release|Any CPU = Release|Any CPU
	EndGlobalSection
	GlobalSection(ProjectConfigurationPlatforms) = postSolution
		{955972B5-D72A-48DA-992E-126F834121D1}.Debug|Any CPU.ActiveCfg = Debug|Any CPU
		{955972B5-D72A-48DA-992E-126F834121D1}.Debug|Any CPU.Build.0 = Debug|Any CPU
		{955972B5-D72A-48DA-992E-126F834121D1}.Release|Any CPU.ActiveCfg = Release|Any CPU
		{955972B5-D72A-48DA-992E-126F834121D1}.Release|Any CPU.Build.0 = Release|Any CPU
		{BC1D4A4B-14AD-4C13-B522-F60441588493}.Debug|Any CPU.ActiveCfg = Debug|Any CPU
		{BC1D4A4B-14AD-4C13-B522-F60441588493}.Debug|Any CPU.Build.0 = Debug|Any CPU
		{BC1D4A4B-14AD-4C13-B522-F60441588493}.Release|Any CPU.ActiveCfg = Release|Any CPU
		{BC1D4A4B-14AD-4C13-B522-F60441588493}.Release|Any CPU.Build.0 = Release|Any CPU
		{388DD0E5-3BDD-4377-8361-169ABE1E52AF}.Debug|Any CPU.ActiveCfg = Debug|Any CPU
		{388DD0E5-3BDD-4377-8361-169ABE1E52AF}.Debug|Any CPU.Build.0 = Debug|Any CPU
		{388DD0E5-3BDD-4377-8361-169ABE1E52AF}.Release|Any CPU.ActiveCfg = Release|Any CPU
		{388DD0E5-3BDD-4377-8361-169ABE1E52AF}.Release|Any CPU.Build.0 = Release|Any CPU
		{0023B13A-09A1-443C-B600-C64F9632C02D}.Debug|Any CPU.ActiveCfg = Debug|Any CPU
		{0023B13A-09A1-443C-B600-C64F9632C02D}.Debug|Any CPU.Build.0 = Debug|Any CPU
		{0023B13A-09A1-443C-B600-C64F9632C02D}.Release|Any CPU.ActiveCfg = Release|Any CPU
		{0023B13A-09A1-443C-B600-C64F9632C02D}.Release|Any CPU.Build.0 = Release|Any CPU
		{9E3A7DA1-F8C2-4D64-9B2E-0B0C75AA63E4}.Debug|Any CPU.ActiveCfg = Debug|Any CPU
		{9E3A7DA1-F8C2-4D64-9B2E-0B0C75AA63E4}.Debug|Any CPU.Build.0 = Debug|Any CPU
		{9E3A7DA1-F8C2-4D64-9B2E-0B0C75AA63E4}.Release|Any CPU.ActiveCfg = Release|Any CPU
		{9E3A7DA1-F8C2-4D64-9B2E-0B0C75AA63E4}.Release|Any CPU.Build.0 = Release|Any CPU
	EndGlobalSection
EndGlobal
